<?xml version="1.0" encoding="utf-8"?>
<Project ToolsVersion="4.0" xmlns="http://schemas.microsoft.com/developer/msbuild/2003">
  <ItemGroup>
    <Filter Include="Quelldateien">
      <UniqueIdentifier>{4FC737F1-C7A5-4376-A066-2A32D752A2FF}</UniqueIdentifier>
      <Extensions>cpp;c;cc;cxx;def;odl;idl;hpj;bat;asm;asmx</Extensions>
    </Filter>
    <Filter Include="Headerdateien">
      <UniqueIdentifier>{93995380-89BD-4b04-88EB-625FBE52EBFB}</UniqueIdentifier>
      <Extensions>h;hpp;hxx;hm;inl;inc;xsd</Extensions>
    </Filter>
    <Filter Include="Ressourcendateien">
      <UniqueIdentifier>{67DA6AB6-F800-4c08-8B7A-83BB121AAD01}</UniqueIdentifier>
      <Extensions>rc;ico;cur;bmp;dlg;rc2;rct;bin;rgs;gif;jpg;jpeg;jpe;resx;tiff;tif;png;wav;mfcribbon-ms</Extensions>
    </Filter>
    <Filter Include="Ressourcendateien\Vertex">
      <UniqueIdentifier>{f886f619-213c-4f46-8895-4b905a03b5a9}</UniqueIdentifier>
    </Filter>
    <Filter Include="Ressourcendateien\Fragment">
      <UniqueIdentifier>{28da76a9-3b20-4b1b-9f1e-30bbcad53623}</UniqueIdentifier>
    </Filter>
  </ItemGroup>
  <ItemGroup>
    <ClInclude Include="Rendering.h">
      <Filter>Headerdateien</Filter>
    </ClInclude>
    <ClInclude Include="Producing.h">
      <Filter>Headerdateien</Filter>
    </ClInclude>
    <ClInclude Include="Texturing.h">
      <Filter>Headerdateien</Filter>
    </ClInclude>
    <ClInclude Include="Audio.h">
      <Filter>Headerdateien</Filter>
    </ClInclude>
  </ItemGroup>
  <ItemGroup>
    <ClCompile Include="Rendering.cpp">
      <Filter>Quelldateien</Filter>
    </ClCompile>
    <ClCompile Include="Producing.cpp">
      <Filter>Quelldateien</Filter>
    </ClCompile>
    <ClCompile Include="Texturing.cpp">
      <Filter>Quelldateien</Filter>
    </ClCompile>
    <ClCompile Include="Audio.cpp">
      <Filter>Quelldateien</Filter>
    </ClCompile>
  </ItemGroup>
  <ItemGroup>
    <None Include="..\Shaders\Vertex\v_diffuse.cg">
      <Filter>Ressourcendateien\Vertex</Filter>
    </None>
    <None Include="..\Shaders\Vertex\v_specular.cg">
      <Filter>Ressourcendateien\Vertex</Filter>
    </None>
    <None Include="..\Shaders\Fragment\f_diffuse.cg">
      <Filter>Ressourcendateien\Fragment</Filter>
    </None>
    <None Include="..\Shaders\Fragment\f_specular.cg">
      <Filter>Ressourcendateien\Fragment</Filter>
    </None>
    <None Include="..\Shaders\Vertex\v_spot_lighting.cg">
      <Filter>Ressourcendateien\Vertex</Filter>
    </None>
    <None Include="..\Shaders\Fragment\f_spot_lighting.cg">
      <Filter>Ressourcendateien\Fragment</Filter>
    </None>
    <None Include="..\Shaders\Vertex\v_diffuse_constant.cg">
      <Filter>Ressourcendateien\Vertex</Filter>
    </None>
    <None Include="..\Shaders\Fragment\f_diffuse_constant.cg">
      <Filter>Ressourcendateien\Fragment</Filter>
    </None>
    <None Include="..\Shaders\Vertex\v_animated_textures.cg">
      <Filter>Ressourcendateien\Vertex</Filter>
    </None>
    <None Include="..\Shaders\Fragment\f_animated_textures.cg">
      <Filter>Ressourcendateien\Fragment</Filter>
    </None>
    <None Include="..\Shaders\Vertex\v_discoball.cg">
      <Filter>Ressourcendateien\Vertex</Filter>
    </None>
    <None Include="..\Shaders\Fragment\f_discoball.cg">
      <Filter>Ressourcendateien\Fragment</Filter>
    </None>
    <None Include="..\Shaders\Vertex\v_floor.cg">
      <Filter>Ressourcendateien\Vertex</Filter>
    </None>
    <None Include="..\Shaders\Vertex\v_bump.cg">
      <Filter>Ressourcendateien\Vertex</Filter>
    </None>
    <None Include="..\Shaders\Fragment\f_bump.cg">
      <Filter>Ressourcendateien\Fragment</Filter>
    </None>
    <None Include="..\Shaders\Fragment\f_floor.cg">
      <Filter>Ressourcendateien\Fragment</Filter>
    </None>
  </ItemGroup>
</Project>